// !$*UTF8*$!
{
	archiveVersion = 1;
	classes = {
	};
	objectVersion = 50;
	objects = {

/* Begin PBXBuildFile section */
		579ADC7D2382F96C004A47A0 /* AppDelegate.swift in Sources */ = {isa = PBXBuildFile; fileRef = 579ADC7C2382F96C004A47A0 /* AppDelegate.swift */; };
		579ADC7F2382F96C004A47A0 /* art.scnassets in Resources */ = {isa = PBXBuildFile; fileRef = 579ADC7E2382F96C004A47A0 /* art.scnassets */; };
		579ADC812382F96C004A47A0 /* ViewController.swift in Sources */ = {isa = PBXBuildFile; fileRef = 579ADC802382F96C004A47A0 /* ViewController.swift */; };
		579ADC842382F96C004A47A0 /* Main.storyboard in Resources */ = {isa = PBXBuildFile; fileRef = 579ADC822382F96C004A47A0 /* Main.storyboard */; };
		579ADC862382F970004A47A0 /* Assets.xcassets in Resources */ = {isa = PBXBuildFile; fileRef = 579ADC852382F970004A47A0 /* Assets.xcassets */; };
		579ADC892382F970004A47A0 /* LaunchScreen.storyboard in Resources */ = {isa = PBXBuildFile; fileRef = 579ADC872382F970004A47A0 /* LaunchScreen.storyboard */; };
		579ADC942382F971004A47A0 /* ARKitCubeTests.swift in Sources */ = {isa = PBXBuildFile; fileRef = 579ADC932382F971004A47A0 /* ARKitCubeTests.swift */; };
		579ADC9F2382F971004A47A0 /* ARKitCubeUITests.swift in Sources */ = {isa = PBXBuildFile; fileRef = 579ADC9E2382F971004A47A0 /* ARKitCubeUITests.swift */; };
/* End PBXBuildFile section */

/* Begin PBXContainerItemProxy section */
		579ADC902382F971004A47A0 /* PBXContainerItemProxy */ = {
			isa = PBXContainerItemProxy;
			containerPortal = 579ADC712382F96B004A47A0 /* Project object */;
			proxyType = 1;
			remoteGlobalIDString = 579ADC782382F96B004A47A0;
			remoteInfo = ARKitCube;
		};
		579ADC9B2382F971004A47A0 /* PBXContainerItemProxy */ = {
			isa = PBXContainerItemProxy;
			containerPortal = 579ADC712382F96B004A47A0 /* Project object */;
			proxyType = 1;
			remoteGlobalIDString = 579ADC782382F96B004A47A0;
			remoteInfo = ARKitCube;
		};
/* End PBXContainerItemProxy section */

/* Begin PBXFileReference section */
		579ADC792382F96C004A47A0 /* ARKitCube.app */ = {isa = PBXFileReference; explicitFileType = wrapper.application; includeInIndex = 0; path = ARKitCube.app; sourceTree = BUILT_PRODUCTS_DIR; };
		579ADC7C2382F96C004A47A0 /* AppDelegate.swift */ = {isa = PBXFileReference; lastKnownFileType = sourcecode.swift; path = AppDelegate.swift; sourceTree = "<group>"; };
		579ADC7E2382F96C004A47A0 /* art.scnassets */ = {isa = PBXFileReference; lastKnownFileType = wrapper.scnassets; path = art.scnassets; sourceTree = "<group>"; };
		579ADC802382F96C004A47A0 /* ViewController.swift */ = {isa = PBXFileReference; lastKnownFileType = sourcecode.swift; path = ViewController.swift; sourceTree = "<group>"; };
		579ADC832382F96C004A47A0 /* Base */ = {isa = PBXFileReference; lastKnownFileType = file.storyboard; name = Base; path = Base.lproj/Main.storyboard; sourceTree = "<group>"; };
		579ADC852382F970004A47A0 /* Assets.xcassets */ = {isa = PBXFileReference; lastKnownFileType = folder.assetcatalog; path = Assets.xcassets; sourceTree = "<group>"; };
		579ADC882382F970004A47A0 /* Base */ = {isa = PBXFileReference; lastKnownFileType = file.storyboard; name = Base; path = Base.lproj/LaunchScreen.storyboard; sourceTree = "<group>"; };
		579ADC8A2382F970004A47A0 /* Info.plist */ = {isa = PBXFileReference; lastKnownFileType = text.plist.xml; path = Info.plist; sourceTree = "<group>"; };
		579ADC8F2382F971004A47A0 /* ARKitCubeTests.xctest */ = {isa = PBXFileReference; explicitFileType = wrapper.cfbundle; includeInIndex = 0; path = ARKitCubeTests.xctest; sourceTree = BUILT_PRODUCTS_DIR; };
		579ADC932382F971004A47A0 /* ARKitCubeTests.swift */ = {isa = PBXFileReference; lastKnownFileType = sourcecode.swift; path = ARKitCubeTests.swift; sourceTree = "<group>"; };
		579ADC952382F971004A47A0 /* Info.plist */ = {isa = PBXFileReference; lastKnownFileType = text.plist.xml; path = Info.plist; sourceTree = "<group>"; };
		579ADC9A2382F971004A47A0 /* ARKitCubeUITests.xctest */ = {isa = PBXFileReference; explicitFileType = wrapper.cfbundle; includeInIndex = 0; path = ARKitCubeUITests.xctest; sourceTree = BUILT_PRODUCTS_DIR; };
		579ADC9E2382F971004A47A0 /* ARKitCubeUITests.swift */ = {isa = PBXFileReference; lastKnownFileType = sourcecode.swift; path = ARKitCubeUITests.swift; sourceTree = "<group>"; };
		579ADCA02382F971004A47A0 /* Info.plist */ = {isa = PBXFileReference; lastKnownFileType = text.plist.xml; path = Info.plist; sourceTree = "<group>"; };
/* End PBXFileReference section */

/* Begin PBXFrameworksBuildPhase section */
		579ADC762382F96B004A47A0 /* Frameworks */ = {
			isa = PBXFrameworksBuildPhase;
			buildActionMask = 2147483647;
			files = (
			);
			runOnlyForDeploymentPostprocessing = 0;
		};
		579ADC8C2382F971004A47A0 /* Frameworks */ = {
			isa = PBXFrameworksBuildPhase;
			buildActionMask = 2147483647;
			files = (
			);
			runOnlyForDeploymentPostprocessing = 0;
		};
		579ADC972382F971004A47A0 /* Frameworks */ = {
			isa = PBXFrameworksBuildPhase;
			buildActionMask = 2147483647;
			files = (
			);
			runOnlyForDeploymentPostprocessing = 0;
		};
/* End PBXFrameworksBuildPhase section */

/* Begin PBXGroup section */
		579ADC702382F96B004A47A0 = {
			isa = PBXGroup;
			children = (
				579ADC7B2382F96C004A47A0 /* ARKitCube */,
				579ADC922382F971004A47A0 /* ARKitCubeTests */,
				579ADC9D2382F971004A47A0 /* ARKitCubeUITests */,
				579ADC7A2382F96C004A47A0 /* Products */,
			);
			sourceTree = "<group>";
		};
		579ADC7A2382F96C004A47A0 /* Products */ = {
			isa = PBXGroup;
			children = (
				579ADC792382F96C004A47A0 /* ARKitCube.app */,
				579ADC8F2382F971004A47A0 /* ARKitCubeTests.xctest */,
				579ADC9A2382F971004A47A0 /* ARKitCubeUITests.xctest */,
			);
			name = Products;
			sourceTree = "<group>";
		};
		579ADC7B2382F96C004A47A0 /* ARKitCube */ = {
			isa = PBXGroup;
			children = (
				579ADC7C2382F96C004A47A0 /* AppDelegate.swift */,
				579ADC7E2382F96C004A47A0 /* art.scnassets */,
				579ADC802382F96C004A47A0 /* ViewController.swift */,
				579ADC822382F96C004A47A0 /* Main.storyboard */,
				579ADC852382F970004A47A0 /* Assets.xcassets */,
				579ADC872382F970004A47A0 /* LaunchScreen.storyboard */,
				579ADC8A2382F970004A47A0 /* Info.plist */,
			);
			path = ARKitCube;
			sourceTree = "<group>";
		};
		579ADC922382F971004A47A0 /* ARKitCubeTests */ = {
			isa = PBXGroup;
			children = (
				579ADC932382F971004A47A0 /* ARKitCubeTests.swift */,
				579ADC952382F971004A47A0 /* Info.plist */,
			);
			path = ARKitCubeTests;
			sourceTree = "<group>";
		};
		579ADC9D2382F971004A47A0 /* ARKitCubeUITests */ = {
			isa = PBXGroup;
			children = (
				579ADC9E2382F971004A47A0 /* ARKitCubeUITests.swift */,
				579ADCA02382F971004A47A0 /* Info.plist */,
			);
			path = ARKitCubeUITests;
			sourceTree = "<group>";
		};
/* End PBXGroup section */

/* Begin PBXNativeTarget section */
		579ADC782382F96B004A47A0 /* ARKitCube */ = {
			isa = PBXNativeTarget;
			buildConfigurationList = 579ADCA32382F971004A47A0 /* Build configuration list for PBXNativeTarget "ARKitCube" */;
			buildPhases = (
				579ADC752382F96B004A47A0 /* Sources */,
				579ADC762382F96B004A47A0 /* Frameworks */,
				579ADC772382F96B004A47A0 /* Resources */,
			);
			buildRules = (
			);
			dependencies = (
			);
			name = ARKitCube;
			productName = ARKitCube;
			productReference = 579ADC792382F96C004A47A0 /* ARKitCube.app */;
			productType = "com.apple.product-type.application";
		};
		579ADC8E2382F971004A47A0 /* ARKitCubeTests */ = {
			isa = PBXNativeTarget;
			buildConfigurationList = 579ADCA62382F971004A47A0 /* Build configuration list for PBXNativeTarget "ARKitCubeTests" */;
			buildPhases = (
				579ADC8B2382F971004A47A0 /* Sources */,
				579ADC8C2382F971004A47A0 /* Frameworks */,
				579ADC8D2382F971004A47A0 /* Resources */,
			);
			buildRules = (
			);
			dependencies = (
				579ADC912382F971004A47A0 /* PBXTargetDependency */,
			);
			name = ARKitCubeTests;
			productName = ARKitCubeTests;
			productReference = 579ADC8F2382F971004A47A0 /* ARKitCubeTests.xctest */;
			productType = "com.apple.product-type.bundle.unit-test";
		};
		579ADC992382F971004A47A0 /* ARKitCubeUITests */ = {
			isa = PBXNativeTarget;
			buildConfigurationList = 579ADCA92382F971004A47A0 /* Build configuration list for PBXNativeTarget "ARKitCubeUITests" */;
			buildPhases = (
				579ADC962382F971004A47A0 /* Sources */,
				579ADC972382F971004A47A0 /* Frameworks */,
				579ADC982382F971004A47A0 /* Resources */,
			);
			buildRules = (
			);
			dependencies = (
				579ADC9C2382F971004A47A0 /* PBXTargetDependency */,
			);
			name = ARKitCubeUITests;
			productName = ARKitCubeUITests;
			productReference = 579ADC9A2382F971004A47A0 /* ARKitCubeUITests.xctest */;
			productType = "com.apple.product-type.bundle.ui-testing";
		};
/* End PBXNativeTarget section */

/* Begin PBXProject section */
		579ADC712382F96B004A47A0 /* Project object */ = {
			isa = PBXProject;
			attributes = {
				LastSwiftUpdateCheck = 1120;
				LastUpgradeCheck = 1120;
				ORGANIZATIONNAME = "Victor Manuel Lagunas Franco";
				TargetAttributes = {
					579ADC782382F96B004A47A0 = {
						CreatedOnToolsVersion = 11.2;
					};
					579ADC8E2382F971004A47A0 = {
						CreatedOnToolsVersion = 11.2;
						TestTargetID = 579ADC782382F96B004A47A0;
					};
					579ADC992382F971004A47A0 = {
						CreatedOnToolsVersion = 11.2;
						TestTargetID = 579ADC782382F96B004A47A0;
					};
				};
			};
			buildConfigurationList = 579ADC742382F96B004A47A0 /* Build configuration list for PBXProject "ARKitCube" */;
			compatibilityVersion = "Xcode 9.3";
			developmentRegion = en;
			hasScannedForEncodings = 0;
			knownRegions = (
				en,
				Base,
			);
			mainGroup = 579ADC702382F96B004A47A0;
			productRefGroup = 579ADC7A2382F96C004A47A0 /* Products */;
			projectDirPath = "";
			projectRoot = "";
			targets = (
				579ADC782382F96B004A47A0 /* ARKitCube */,
				579ADC8E2382F971004A47A0 /* ARKitCubeTests */,
				579ADC992382F971004A47A0 /* ARKitCubeUITests */,
			);
		};
/* End PBXProject section */

/* Begin PBXResourcesBuildPhase section */
		579ADC772382F96B004A47A0 /* Resources */ = {
			isa = PBXResourcesBuildPhase;
			buildActionMask = 2147483647;
			files = (
				579ADC7F2382F96C004A47A0 /* art.scnassets in Resources */,
				579ADC892382F970004A47A0 /* LaunchScreen.storyboard in Resources */,
				579ADC862382F970004A47A0 /* Assets.xcassets in Resources */,
				579ADC842382F96C004A47A0 /* Main.storyboard in Resources */,
			);
			runOnlyForDeploymentPostprocessing = 0;
		};
		579ADC8D2382F971004A47A0 /* Resources */ = {
			isa = PBXResourcesBuildPhase;
			buildActionMask = 2147483647;
			files = (
			);
			runOnlyForDeploymentPostprocessing = 0;
		};
		579ADC982382F971004A47A0 /* Resources */ = {
			isa = PBXResourcesBuildPhase;
			buildActionMask = 2147483647;
			files = (
			);
			runOnlyForDeploymentPostprocessing = 0;
		};
/* End PBXResourcesBuildPhase section */

/* Begin PBXSourcesBuildPhase section */
		579ADC752382F96B004A47A0 /* Sources */ = {
			isa = PBXSourcesBuildPhase;
			buildActionMask = 2147483647;
			files = (
				579ADC812382F96C004A47A0 /* ViewController.swift in Sources */,
				579ADC7D2382F96C004A47A0 /* AppDelegate.swift in Sources */,
			);
			runOnlyForDeploymentPostprocessing = 0;
		};
		579ADC8B2382F971004A47A0 /* Sources */ = {
			isa = PBXSourcesBuildPhase;
			buildActionMask = 2147483647;
			files = (
				579ADC942382F971004A47A0 /* ARKitCubeTests.swift in Sources */,
			);
			runOnlyForDeploymentPostprocessing = 0;
		};
		579ADC962382F971004A47A0 /* Sources */ = {
			isa = PBXSourcesBuildPhase;
			buildActionMask = 2147483647;
			files = (
				579ADC9F2382F971004A47A0 /* ARKitCubeUITests.swift in Sources */,
			);
			runOnlyForDeploymentPostprocessing = 0;
		};
/* End PBXSourcesBuildPhase section */

/* Begin PBXTargetDependency section */
		579ADC912382F971004A47A0 /* PBXTargetDependency */ = {
			isa = PBXTargetDependency;
			target = 579ADC782382F96B004A47A0 /* ARKitCube */;
			targetProxy = 579ADC902382F971004A47A0 /* PBXContainerItemProxy */;
		};
		579ADC9C2382F971004A47A0 /* PBXTargetDependency */ = {
			isa = PBXTargetDependency;
			target = 579ADC782382F96B004A47A0 /* ARKitCube */;
			targetProxy = 579ADC9B2382F971004A47A0 /* PBXContainerItemProxy */;
		};
/* End PBXTargetDependency section */

/* Begin PBXVariantGroup section */
		579ADC822382F96C004A47A0 /* Main.storyboard */ = {
			isa = PBXVariantGroup;
			children = (
				579ADC832382F96C004A47A0 /* Base */,
			);
			name = Main.storyboard;
			sourceTree = "<group>";
		};
		579ADC872382F970004A47A0 /* LaunchScreen.storyboard */ = {
			isa = PBXVariantGroup;
			children = (
				579ADC882382F970004A47A0 /* Base */,
			);
			name = LaunchScreen.storyboard;
			sourceTree = "<group>";
		};
/* End PBXVariantGroup section */

/* Begin XCBuildConfiguration section */
		579ADCA12382F971004A47A0 /* Debug */ = {
			isa = XCBuildConfiguration;
			buildSettings = {
				ALWAYS_SEARCH_USER_PATHS = NO;
				CLANG_ANALYZER_NONNULL = YES;
				CLANG_ANALYZER_NUMBER_OBJECT_CONVERSION = YES_AGGRESSIVE;
				CLANG_CXX_LANGUAGE_STANDARD = "gnu++14";
				CLANG_CXX_LIBRARY = "libc++";
				CLANG_ENABLE_MODULES = YES;
				CLANG_ENABLE_OBJC_ARC = YES;
				CLANG_ENABLE_OBJC_WEAK = YES;
				CLANG_WARN_BLOCK_CAPTURE_AUTORELEASING = YES;
				CLANG_WARN_BOOL_CONVERSION = YES;
				CLANG_WARN_COMMA = YES;
				CLANG_WARN_CONSTANT_CONVERSION = YES;
				CLANG_WARN_DEPRECATED_OBJC_IMPLEMENTATIONS = YES;
				CLANG_WARN_DIRECT_OBJC_ISA_USAGE = YES_ERROR;
				CLANG_WARN_DOCUMENTATION_COMMENTS = YES;
				CLANG_WARN_EMPTY_BODY = YES;
				CLANG_WARN_ENUM_CONVERSION = YES;
				CLANG_WARN_INFINITE_RECURSION = YES;
				CLANG_WARN_INT_CONVERSION = YES;
				CLANG_WARN_NON_LITERAL_NULL_CONVERSION = YES;
				CLANG_WARN_OBJC_IMPLICIT_RETAIN_SELF = YES;
				CLANG_WARN_OBJC_LITERAL_CONVERSION = YES;
				CLANG_WARN_OBJC_ROOT_CLASS = YES_ERROR;
				CLANG_WARN_RANGE_LOOP_ANALYSIS = YES;
				CLANG_WARN_STRICT_PROTOTYPES = YES;
				CLANG_WARN_SUSPICIOUS_MOVE = YES;
				CLANG_WARN_UNGUARDED_AVAILABILITY = YES_AGGRESSIVE;
				CLANG_WARN_UNREACHABLE_CODE = YES;
				CLANG_WARN__DUPLICATE_METHOD_MATCH = YES;
				COPY_PHASE_STRIP = NO;
				DEBUG_INFORMATION_FORMAT = dwarf;
				ENABLE_STRICT_OBJC_MSGSEND = YES;
				ENABLE_TESTABILITY = YES;
				GCC_C_LANGUAGE_STANDARD = gnu11;
				GCC_DYNAMIC_NO_PIC = NO;
				GCC_NO_COMMON_BLOCKS = YES;
				GCC_OPTIMIZATION_LEVEL = 0;
				GCC_PREPROCESSOR_DEFINITIONS = (
					"DEBUG=1",
					"$(inherited)",
				);
				GCC_WARN_64_TO_32_BIT_CONVERSION = YES;
				GCC_WARN_ABOUT_RETURN_TYPE = YES_ERROR;
				GCC_WARN_UNDECLARED_SELECTOR = YES;
				GCC_WARN_UNINITIALIZED_AUTOS = YES_AGGRESSIVE;
				GCC_WARN_UNUSED_FUNCTION = YES;
				GCC_WARN_UNUSED_VARIABLE = YES;
				IPHONEOS_DEPLOYMENT_TARGET = 13.2;
				MTL_ENABLE_DEBUG_INFO = INCLUDE_SOURCE;
				MTL_FAST_MATH = YES;
				ONLY_ACTIVE_ARCH = YES;
				SDKROOT = iphoneos;
				SWIFT_ACTIVE_COMPILATION_CONDITIONS = DEBUG;
				SWIFT_OPTIMIZATION_LEVEL = "-Onone";
			};
			name = Debug;
		};
		579ADCA22382F971004A47A0 /* Release */ = {
			isa = XCBuildConfiguration;
			buildSettings = {
				ALWAYS_SEARCH_USER_PATHS = NO;
				CLANG_ANALYZER_NONNULL = YES;
				CLANG_ANALYZER_NUMBER_OBJECT_CONVERSION = YES_AGGRESSIVE;
				CLANG_CXX_LANGUAGE_STANDARD = "gnu++14";
				CLANG_CXX_LIBRARY = "libc++";
				CLANG_ENABLE_MODULES = YES;
				CLANG_ENABLE_OBJC_ARC = YES;
				CLANG_ENABLE_OBJC_WEAK = YES;
				CLANG_WARN_BLOCK_CAPTURE_AUTORELEASING = YES;
				CLANG_WARN_BOOL_CONVERSION = YES;
				CLANG_WARN_COMMA = YES;
				CLANG_WARN_CONSTANT_CONVERSION = YES;
				CLANG_WARN_DEPRECATED_OBJC_IMPLEMENTATIONS = YES;
				CLANG_WARN_DIRECT_OBJC_ISA_USAGE = YES_ERROR;
				CLANG_WARN_DOCUMENTATION_COMMENTS = YES;
				CLANG_WARN_EMPTY_BODY = YES;
				CLANG_WARN_ENUM_CONVERSION = YES;
				CLANG_WARN_INFINITE_RECURSION = YES;
				CLANG_WARN_INT_CONVERSION = YES;
				CLANG_WARN_NON_LITERAL_NULL_CONVERSION = YES;
				CLANG_WARN_OBJC_IMPLICIT_RETAIN_SELF = YES;
				CLANG_WARN_OBJC_LITERAL_CONVERSION = YES;
				CLANG_WARN_OBJC_ROOT_CLASS = YES_ERROR;
				CLANG_WARN_RANGE_LOOP_ANALYSIS = YES;
				CLANG_WARN_STRICT_PROTOTYPES = YES;
				CLANG_WARN_SUSPICIOUS_MOVE = YES;
				CLANG_WARN_UNGUARDED_AVAILABILITY = YES_AGGRESSIVE;
				CLANG_WARN_UNREACHABLE_CODE = YES;
				CLANG_WARN__DUPLICATE_METHOD_MATCH = YES;
				COPY_PHASE_STRIP = NO;
				DEBUG_INFORMATION_FORMAT = "dwarf-with-dsym";
				ENABLE_NS_ASSERTIONS = NO;
				ENABLE_STRICT_OBJC_MSGSEND = YES;
				GCC_C_LANGUAGE_STANDARD = gnu11;
				GCC_NO_COMMON_BLOCKS = YES;
				GCC_WARN_64_TO_32_BIT_CONVERSION = YES;
				GCC_WARN_ABOUT_RETURN_TYPE = YES_ERROR;
				GCC_WARN_UNDECLARED_SELECTOR = YES;
				GCC_WARN_UNINITIALIZED_AUTOS = YES_AGGRESSIVE;
				GCC_WARN_UNUSED_FUNCTION = YES;
				GCC_WARN_UNUSED_VARIABLE = YES;
				IPHONEOS_DEPLOYMENT_TARGET = 13.2;
				MTL_ENABLE_DEBUG_INFO = NO;
				MTL_FAST_MATH = YES;
				SDKROOT = iphoneos;
				SWIFT_COMPILATION_MODE = wholemodule;
				SWIFT_OPTIMIZATION_LEVEL = "-O";
				VALIDATE_PRODUCT = YES;
			};
			name = Release;
		};
		579ADCA42382F971004A47A0 /* Debug */ = {
			isa = XCBuildConfiguration;
			buildSettings = {
				ASSETCATALOG_COMPILER_APPICON_NAME = AppIcon;
				CODE_SIGN_STYLE = Automatic;
				DEVELOPMENT_TEAM = UFL2WNBTT3;
				INFOPLIST_FILE = ARKitCube/Info.plist;
				LD_RUNPATH_SEARCH_PATHS = (
					"$(inherited)",
					"@executable_path/Frameworks",
				);
				PRODUCT_BUNDLE_IDENTIFIER = com.app.arkit.ARKitCube;
				PRODUCT_NAME = "$(TARGET_NAME)";
				SWIFT_VERSION = 5.0;
				TARGETED_DEVICE_FAMILY = "1,2";
			};
			name = Debug;
		};
		579ADCA52382F971004A47A0 /* Release */ = {
			isa = XCBuildConfiguration;
			buildSettings = {
				ASSETCATALOG_COMPILER_APPICON_NAME = AppIcon;
				CODE_SIGN_STYLE = Automatic;
				DEVELOPMENT_TEAM = UFL2WNBTT3;
				INFOPLIST_FILE = ARKitCube/Info.plist;
				LD_RUNPATH_SEARCH_PATHS = (
					"$(inherited)",
					"@executable_path/Frameworks",
				);
				PRODUCT_BUNDLE_IDENTIFIER = com.app.arkit.ARKitCube;
				PRODUCT_NAME = "$(TARGET_NAME)";
				SWIFT_VERSION = 5.0;
				TARGETED_DEVICE_FAMILY = "1,2";
			};
			name = Release;
		};
		579ADCA72382F971004A47A0 /* Debug */ = {
			isa = XCBuildConfiguration;
			buildSettings = {
				ALWAYS_EMBED_SWIFT_STANDARD_LIBRARIES = YES;
				BUNDLE_LOADER = "$(TEST_HOST)";
				CODE_SIGN_STYLE = Automatic;
				INFOPLIST_FILE = ARKitCubeTests/Info.plist;
				IPHONEOS_DEPLOYMENT_TARGET = 13.2;
				LD_RUNPATH_SEARCH_PATHS = (
					"$(inherited)",
					"@executable_path/Frameworks",
					"@loader_path/Frameworks",
				);
				PRODUCT_BUNDLE_IDENTIFIER = com.app.arkit.ARKitCubeTests;
				PRODUCT_NAME = "$(TARGET_NAME)";
				SWIFT_VERSION = 5.0;
				TARGETED_DEVICE_FAMILY = "1,2";
				TEST_HOST = "$(BUILT_PRODUCTS_DIR)/ARKitCube.app/ARKitCube";
			};
			name = Debug;
		};
		579ADCA82382F971004A47A0 /* Release */ = {
			isa = XCBuildConfiguration;
			buildSettings = {
				ALWAYS_EMBED_SWIFT_STANDARD_LIBRARIES = YES;
				BUNDLE_LOADER = "$(TEST_HOST)";
				CODE_SIGN_STYLE = Automatic;
				INFOPLIST_FILE = ARKitCubeTests/Info.plist;
				IPHONEOS_DEPLOYMENT_TARGET = 13.2;
				LD_RUNPATH_SEARCH_PATHS = (
					"$(inherited)",
					"@executable_path/Frameworks",
					"@loader_path/Frameworks",
				);
				PRODUCT_BUNDLE_IDENTIFIER = com.app.arkit.ARKitCubeTests;
				PRODUCT_NAME = "$(TARGET_NAME)";
				SWIFT_VERSION = 5.0;
				TARGETED_DEVICE_FAMILY = "1,2";
				TEST_HOST = "$(BUILT_PRODUCTS_DIR)/ARKitCube.app/ARKitCube";
			};
			name = Release;
		};
		579ADCAA2382F971004A47A0 /* Debug */ = {
			isa = XCBuildConfiguration;
			buildSettings = {
				ALWAYS_EMBED_SWIFT_STANDARD_LIBRARIES = YES;
				CODE_SIGN_STYLE = Automatic;
				INFOPLIST_FILE = ARKitCubeUITests/Info.plist;
				LD_RUNPATH_SEARCH_PATHS = (
					"$(inherited)",
					"@executable_path/Frameworks",
					"@loader_path/Frameworks",
				);
				PRODUCT_BUNDLE_IDENTIFIER = com.app.arkit.ARKitCubeUITests;
				PRODUCT_NAME = "$(TARGET_NAME)";
				SWIFT_VERSION = 5.0;
				TARGETED_DEVICE_FAMILY = "1,2";
				TEST_TARGET_NAME = ARKitCube;
			};
			name = Debug;
		};
		579ADCAB2382F971004A47A0 /* Release */ = {
			isa = XCBuildConfiguration;
			buildSettings = {
				ALWAYS_EMBED_SWIFT_STANDARD_LIBRARIES = YES;
				CODE_SIGN_STYLE = Automatic;
				INFOPLIST_FILE = ARKitCubeUITests/Info.plist;
				LD_RUNPATH_SEARCH_PATHS = (
					"$(inherited)",
					"@executable_path/Frameworks",
					"@loader_path/Frameworks",
				);
				PRODUCT_BUNDLE_IDENTIFIER = com.app.arkit.ARKitCubeUITests;
				PRODUCT_NAME = "$(TARGET_NAME)";
				SWIFT_VERSION = 5.0;
				TARGETED_DEVICE_FAMILY = "1,2";
				TEST_TARGET_NAME = ARKitCube;
			};
			name = Release;
		};
/* End XCBuildConfiguration section */

/* Begin XCConfigurationList section */
		579ADC742382F96B004A47A0 /* Build configuration list for PBXProject "ARKitCube" */ = {
			isa = XCConfigurationList;
			buildConfigurations = (
				579ADCA12382F971004A47A0 /* Debug */,
				579ADCA22382F971004A47A0 /* Release */,
			);
			defaultConfigurationIsVisible = 0;
			defaultConfigurationName = Release;
		};
		579ADCA32382F971004A47A0 /* Build configuration list for PBXNativeTarget "ARKitCube" */ = {
			isa = XCConfigurationList;
			buildConfigurations = (
				579ADCA42382F971004A47A0 /* Debug */,
				579ADCA52382F971004A47A0 /* Release */,
			);
			defaultConfigurationIsVisible = 0;
			defaultConfigurationName = Release;
		};
		579ADCA62382F971004A47A0 /* Build configuration list for PBXNativeTarget "ARKitCubeTests" */ = {
			isa = XCConfigurationList;
			buildConfigurations = (
				579ADCA72382F971004A47A0 /* Debug */,
				579ADCA82382F971004A47A0 /* Release */,
			);
			defaultConfigurationIsVisible = 0;
			defaultConfigurationName = Release;
		};
		579ADCA92382F971004A47A0 /* Build configuration list for PBXNativeTarget "ARKitCubeUITests" */ = {
			isa = XCConfigurationList;
			buildConfigurations = (
				579ADCAA2382F971004A47A0 /* Debug */,
				579ADCAB2382F971004A47A0 /* Release */,
			);
			defaultConfigurationIsVisible = 0;
			defaultConfigurationName = Release;
		};
/* End XCConfigurationList section */
	};
	rootObject = 579ADC712382F96B004A47A0 /* Project object */;
}
